
Microsoft Visual Studio Solution File, Format Version 12.00
# Visual Studio Version 17
VisualStudioVersion = 17.13.35931.197 d17.13
MinimumVisualStudioVersion = 10.0.40219.1
Project("{FAE04EC0-301F-11D3-BF4B-00C04F79EFBC}") = "TaskManager.API", "TaskManager.API\TaskManager.API.csproj", "{1F63AFBF-6876-4FDD-ACCD-E5BB1E7ACDAC}"
EndProject
Project("{FAE04EC0-301F-11D3-BF4B-00C04F79EFBC}") = "TaskManager.Application", "TaskManager.Application\TaskManager.Application.csproj", "{726122CF-5AE5-43DC-B680-4B3F7ACFA3F3}"
EndProject
Project("{FAE04EC0-301F-11D3-BF4B-00C04F79EFBC}") = "TaskManager.Communication", "TaskManager.Communication\TaskManager.Communication.csproj", "{73FB582A-DA52-4466-A6BA-C7FEA99981ED}"
EndProject
Global
	GlobalSection(SolutionConfigurationPlatforms) = preSolution
		Debug|Any CPU = Debug|Any CPU
		Release|Any CPU = Release|Any CPU
	EndGlobalSection
	GlobalSection(ProjectConfigurationPlatforms) = postSolution
		{1F63AFBF-6876-4FDD-ACCD-E5BB1E7ACDAC}.Debug|Any CPU.ActiveCfg = Debug|Any CPU
		{1F63AFBF-6876-4FDD-ACCD-E5BB1E7ACDAC}.Debug|Any CPU.Build.0 = Debug|Any CPU
		{1F63AFBF-6876-4FDD-ACCD-E5BB1E7ACDAC}.Release|Any CPU.ActiveCfg = Release|Any CPU
		{1F63AFBF-6876-4FDD-ACCD-E5BB1E7ACDAC}.Release|Any CPU.Build.0 = Release|Any CPU
		{726122CF-5AE5-43DC-B680-4B3F7ACFA3F3}.Debug|Any CPU.ActiveCfg = Debug|Any CPU
		{726122CF-5AE5-43DC-B680-4B3F7ACFA3F3}.Debug|Any CPU.Build.0 = Debug|Any CPU
		{726122CF-5AE5-43DC-B680-4B3F7ACFA3F3}.Release|Any CPU.ActiveCfg = Release|Any CPU
		{726122CF-5AE5-43DC-B680-4B3F7ACFA3F3}.Release|Any CPU.Build.0 = Release|Any CPU
		{73FB582A-DA52-4466-A6BA-C7FEA99981ED}.Debug|Any CPU.ActiveCfg = Debug|Any CPU
		{73FB582A-DA52-4466-A6BA-C7FEA99981ED}.Debug|Any CPU.Build.0 = Debug|Any CPU
		{73FB582A-DA52-4466-A6BA-C7FEA99981ED}.Release|Any CPU.ActiveCfg = Release|Any CPU
		{73FB582A-DA52-4466-A6BA-C7FEA99981ED}.Release|Any CPU.Build.0 = Release|Any CPU
	EndGlobalSection
	GlobalSection(SolutionProperties) = preSolution
		HideSolutionNode = FALSE
	EndGlobalSection
	GlobalSection(ExtensibilityGlobals) = postSolution
		SolutionGuid = {285DB1A2-C15D-4328-B4BA-D9DA3D730AA5}
	EndGlobalSection
EndGlobal
